github.com/fatih/color v1.10.0 h1:s36xzo75JdqLaaWoiEHk767eHiwo0598uUxyfiPkDsg=
github.com/fatih/color v1.10.0/go.mod h1:ELkj/draVOlAH/xkhN6mQ50Qd0MPOk5AAr3maGEBuJM=
github.com/mattn/go-colorable v0.1.8 h1:c1ghPdyEDarC70ftn0y+A/Ee++9zz8ljHG1b13eJ0s8=
github.com/mattn/go-colorable v0.1.8/go.mod h1:u6P/XSegPjTcexA+o6vUJrdnUu04hMope9wVRipJSqc=
github.com/mattn/go-isatty v0.0.12 h1:wuysRhFDzyxgEmMf5xjvJ2M9dZoWAXNNr5LSBS7uHXY=
github.com/mattn/go-isatty v0.0.12/go.mod h1:cbi8OIDigv2wuxKPP5vlRcQ1OAZbq2CE4Kysco4FUpU=
github.com/morrocker/broadcast v0.0.0-20210331144645-71f2ee18ca39 h1:XSzmEW1M80vR76B9HTevqib6WDtwxUQAVavG7UwG11w=
github.com/morrocker/broadcast v0.0.0-20210331144645-71f2ee18ca39/go.mod h1:Y8C0U3vC37uSI2DE0NfTfh1L24R3XvrYpeaddhfpVqc=
github.com/morrocker/log v0.0.0-20210322121956-1387843cccea h1:fLjwXu0lWACOUynv76uBAyS035ym1jTiMhhJGvoqZ+Y=
github.com/morrocker/log v0.0.0-20210322121956-1387843cccea/go.mod h1:MjIRLB46zjJ4ECw3IGjLMlXBSz2+d9D/GIbZqie1Tl0=
github.com/morrocker/utils v0.0.0-20210326152034-ee75a97c3c41 h1:TEsBkdfExiYCWsCUVeUyMxBi8XCINAduJGmyGgqpn7E=
github.com/morrocker/utils v0.0.0-20210326152034-ee75a97c3c41/go.mod h1:kfvMwyMNz1837k6VSkty0EJ5zLwAm86grPz4tlvdJ+I=
golang.org/x/sys v0.0.0-20200116001909-b77594299b42/go.mod h1:h1NjWce9XRLGQEsW7wpKNCjG9DtNlClVuFLEZdDNbEs=
golang.org/x/sys v0.0.0-20200223170610-d5e6a3e2c0ae h1:/WDfKMnPU+m5M4xB+6x4kaepxRw6jWvR5iDRdvjHgy8=
golang.org/x/sys v0.0.0-20200223170610-d5e6a3e2c0ae/go.mod h1:h1NjWce9XRLGQEsW7wpKNCjG9DtNlClVuFLEZdDNbEs=
